
Microsoft Visual Studio Solution File, Format Version 12.00
# Visual Studio 15
VisualStudioVersion = 15.0.26403.7
MinimumVisualStudioVersion = 10.0.40219.1
Project("{E24C65DC-7377-472B-9ABA-BC803B73C61A}") = "TodoList(1)", ".", "{7EDA6AAC-136C-4863-B8C0-5BC540C047BD}"
	ProjectSection(WebsiteProperties) = preProject
		TargetFrameworkMoniker = ".NETFramework,Version%3Dv4.0"
		Debug.AspNetCompiler.VirtualPath = "/localhost_50086"
		Debug.AspNetCompiler.PhysicalPath = "E:\Cours\WebDesign\TODOLIST\"
		Debug.AspNetCompiler.TargetPath = "PrecompiledWeb\localhost_50086\"
		Debug.AspNetCompiler.Updateable = "true"
		Debug.AspNetCompiler.ForceOverwrite = "true"
		Debug.AspNetCompiler.FixedNames = "false"
		Debug.AspNetCompiler.Debug = "True"
		Release.AspNetCompiler.VirtualPath = "/localhost_50086"
		Release.AspNetCompiler.PhysicalPath = "E:\Cours\WebDesign\TODOLIST\"
		Release.AspNetCompiler.TargetPath = "PrecompiledWeb\localhost_50086\"
		Release.AspNetCompiler.Updateable = "true"
		Release.AspNetCompiler.ForceOverwrite = "true"
		Release.AspNetCompiler.FixedNames = "false"
		Release.AspNetCompiler.Debug = "False"
		VWDPort = "50086"
	EndProjectSection
EndProject
Global
	GlobalSection(SolutionConfigurationPlatforms) = preSolution
		Debug|Any CPU = Debug|Any CPU
	EndGlobalSection
	GlobalSection(ProjectConfigurationPlatforms) = postSolution
		{7EDA6AAC-136C-4863-B8C0-5BC540C047BD}.Debug|Any CPU.ActiveCfg = Debug|Any CPU
		{7EDA6AAC-136C-4863-B8C0-5BC540C047BD}.Debug|Any CPU.Build.0 = Debug|Any CPU
	EndGlobalSection
	GlobalSection(SolutionProperties) = preSolution
		HideSolutionNode = FALSE
	EndGlobalSection
EndGlobal
